github.com/aws/aws-sdk-go-v2 v1.44.0 h1:4IbaHhtzy+4h37z4JQyO9a2QsiCml3CNYHtq5hIHigo=
github.com/aws/aws-sdk-go-v2 v1.44.0/go.mod h1:bttEH6JqnUL8LepvDVfdrds/fZ5bCIxzpe3abyUrhDU=
github.com/aws/aws-sdk-go-v2 v1.45.1 h1:iIoG3NaLhV6UZpPXyPXlDj2I9oS8tV/nMcMnITCC6Ks=
github.com/aws/aws-sdk-go-v2 v1.45.1/go.mod h1:bttEH6JqnUL8LepvDVfdrds/fZ5bCIxzpe3abyUrhDU=
github.com/aws/aws-sdk-go-v2/aws/protocol/eventstream v1.7.20 h1:GPRlPwz40I2B2VrBEASOA3Bi77NyeqejNLkifosX0rs=
github.com/aws/aws-sdk-go-v2/aws/protocol/eventstream v1.7.20/go.mod h1:g7PNzKcsOKWb4fkSRBA7BZVAS6Y8IcxzN+nRohhQ1Q8=
github.com/aws/aws-sdk-go-v2/config v1.32.40 h1:lAVC9gMmKusmqDRe32dPtgKl/BWvJmMJoWELKHCAObw=
github.com/aws/aws-sdk-go-v2/config v1.32.40/go.mod h1:8xOJLbe/hOj1g4PVsfJYV7O2byq+UGET1onDdUgbwqc=
github.com/aws/aws-sdk-go-v2/credentials v1.19.39 h1:XOg8LC3Kgnsa3WiPQjc7Bi8k5IBN92cPYfIV9XMFss0=
github.com/aws/aws-sdk-go-v2/credentials v1.19.39/go.mod h1:GonTDBQ+mTpCVNwaHjj0PagspfrYYMEqOx7FehoEP/I=
github.com/aws/aws-sdk-go-v2/feature/dynamodb/attributevalue v1.20.64 h1:63wi9vS7MtslsyO0/mT6/38f3Zq1UZ9NBNwKSYuIwQk=
github.com/aws/aws-sdk-go-v2/feature/dynamodb/attributevalue v1.20.64/go.mod h1:lkE/on0NzCSbfQMwJWEXnKlxlpyiJPpuZBorvv/Q3RU=
github.com/aws/aws-sdk-go-v2/feature/ec2/imds v1.18.40 h1:r5aGipEVgI9aT/tAGjdrPbDQvIAKdTrS3rUPQtG4Rmo=
github.com/aws/aws-sdk-go-v2/feature/ec2/imds v1.18.40/go.mod h1:vOD3CnPxAdkL6MWZeROkZsTlskklMFfgVFkHzx/oZpY=
github.com/aws/aws-sdk-go-v2/internal/configsources v1.4.40 h1:UIXlbijuB2XK1Kr57fo8iIxCuaSHJzwZ1uo+2tbEYIk=
github.com/aws/aws-sdk-go-v2/internal/configsources v1.4.40/go.mod h1:wcEsL6jscjZjVUinb0Q5qD/GXOG1yT3GNfmT9HuDwzU=
github.com/aws/aws-sdk-go-v2/internal/configsources v1.5.1 h1:pc138gM1CW+XPc60rEwUlwwuwWFQK16CI1T7v1F9Oec=
github.com/aws/aws-sdk-go-v2/internal/configsources v1.5.1/go.mod h1:1+koxpPIbfBdfzP6vojm5/zTpTQ/micYwlxIiNB3TxI=
github.com/aws/aws-sdk-go-v2/internal/endpoints/v2 v2.7.40 h1:xLQVRDs2NddDmK9BEyh5KSlJ1Gpy5/GIJXrV6WcVGAE=
github.com/aws/aws-sdk-go-v2/internal/endpoints/v2 v2.7.40/go.mod h1:XRXnpFVFGLaEVK+olDdFIM1vNa04ETW452oFGEPUxAo=
github.com/aws/aws-sdk-go-v2/internal/endpoints/v2 v2.8.1 h1:K0JsbZQj+1h208Ro1zHeA4l7bMp0NvRffHQ91q8Ol1s=
github.com/aws/aws-sdk-go-v2/internal/endpoints/v2 v2.8.1/go.mod h1:W3/vL6EtCIatICGy9ab29QhMuae+cOKPWcMxv02CO+Q=
github.com/aws/aws-sdk-go-v2/internal/v4a v1.4.41 h1:nv/ILuCY0yXACzMQwvtt/HbqDDjemZiI0AeDbxGQlnU=
github.com/aws/aws-sdk-go-v2/internal/v4a v1.4.41/go.mod h1:dzvOSpxaPqQ3j0xS6Lc1vyVuWW0RBj7s/QqYpzu3Q/0=
github.com/aws/aws-sdk-go-v2/service/dynamodb v1.64.0 h1:lcuNsR2eQT2X/z9nMnWpsuEM5Aty1sE5OVd0FYPND4k=
github.com/aws/aws-sdk-go-v2/service/dynamodb v1.64.0/go.mod h1:hZmZa5L5yWCqF5W6g7oLUjOlUL4Cr4W2GoE/fwnkGHs=
github.com/aws/aws-sdk-go-v2/service/dynamodbstreams v1.37.0 h1:+sZyUdyVHTrgv765jjtVBgHD9cphr+MakVPOcfwZn2k=
github.com/aws/aws-sdk-go-v2/service/dynamodbstreams v1.37.0/go.mod h1:NOLiFrvyp4qB9SlTrChjKhMRReNvCJPRQl9zEhxwViI=
github.com/aws/aws-sdk-go-v2/service/ec2 v1.324.0 h1:A1hZCv8Ev0jc8o7pGqnjprJokn21pGmPWZrzPJ5Sp+E=
github.com/aws/aws-sdk-go-v2/service/ec2 v1.324.0/go.mod h1:6eOsONObU8u+Edct3ZmszxCTACyTeITJG7yPbbqp3L8=
github.com/aws/aws-sdk-go-v2/service/efs v1.46.1 h1:4OWlEZxJgX7HBjY+mdfvLSA3ZM5fJjvFVlwkhx2hqdE=
github.com/aws/aws-sdk-go-v2/service/efs v1.46.1/go.mod h1:5vY8S4D3FzAn29Z35KaPubhF0Agn+HJKmLj4S4fAb8g=
github.com/aws/aws-sdk-go-v2/service/internal/accept-encoding v1.13.19 h1:bAdDl/HkGCcGPoe25ToSHEw23VIxt6CT5fLcg111BKg=
github.com/aws/aws-sdk-go-v2/service/internal/accept-encoding v1.13.19/go.mod h1:KaUzbLxv4CeSxh6ZCl9B4m7CuFenS8kUEaDs+f/DQr4=
github.com/aws/aws-sdk-go-v2/service/internal/checksum v1.10.0 h1:U8/A0RRBaEspzH1uul3JHLbypXwEGUkRkvoT9f0ATcM=
github.com/aws/aws-sdk-go-v2/service/internal/checksum v1.10.0/go.mod h1:UELStX5KwtJNtQxa+UuF8dc3z4UYc40e8yHYJSozNwY=
github.com/aws/aws-sdk-go-v2/service/internal/endpoint-discovery v1.12.17 h1:mA+kaGdCSZJJ4Ky4iRpys/nPQb5z6yudDDMt/Qhzl6c=
github.com/aws/aws-sdk-go-v2/service/internal/endpoint-discovery v1.12.17/go.mod h1:IaH0YDae4jwXqHF1oqR9Lgg6nlYagIvd3S0KBLhwqEY=
github.com/aws/aws-sdk-go-v2/service/internal/presigned-url v1.13.40 h1:gr3Fw1cxZXNCdeo/lQ7isHEHzvHVM7z75qb2zW9aMjw=
github.com/aws/aws-sdk-go-v2/service/internal/presigned-url v1.13.40/go.mod h1:8z/9CmfnQhiuXD7Ykbcg4a/whSWsniE0ODSx9uwVzfk=
github.com/aws/aws-sdk-go-v2/service/internal/s3shared v1.19.41 h1:Q9DIKDuJix/oJnQxFpQ26L0EwVa/YNo4k2kbktrjQjE=
github.com/aws/aws-sdk-go-v2/service/internal/s3shared v1.19.41/go.mod h1:x+TuqkOIG1SZS0+yN54sExGA9ZpjhPO6vPdYnpTFX1M=
github.com/aws/aws-sdk-go-v2/service/pricing v1.45.0 h1:MYW7GiGeWByTQqZeWEwGchhAbpgXU19Xwlwb0PU9fKc=
github.com/aws/aws-sdk-go-v2/service/pricing v1.45.0/go.mod h1:91QxUGJrdnF8KB+R8nqHs0AGIGM4FJxknHNAwZyroYA=
github.com/aws/aws-sdk-go-v2/service/route53 v1.68.0 h1:TyYPOR7yYTQmdj/CPoGu3ccj3yNrOT/yQh541mYaygg=
github.com/aws/aws-sdk-go-v2/service/route53 v1.68.0/go.mod h1:s/AxBtquPdiAFPFBm1G2WXZBCfA4Hpaml3JwMMpJEeQ=
github.com/aws/aws-sdk-go-v2/service/s3 v1.108.0 h1:Yp+x5PKXEmoqHsgP/pAkBy5Tyq1UlXAzM0OInh0vxWw=
github.com/aws/aws-sdk-go-v2/service/s3 v1.108.0/go.mod h1:locV6DtXyp7Xzr2BG6jtsbeBi3YAWJ/CY4xUThYmIwQ=
github.com/aws/aws-sdk-go-v2/service/secretsmanager v1.45.0 h1:KcW5+R6G9umEsfcELr19Tn6/We1BpdOoONUMQ7lMWJY=
github.com/aws/aws-sdk-go-v2/service/secretsmanager v1.45.0/go.mod h1:m9S3oFZ/Gzfv2OhTWZlBOqWnF0U2UCHL2hD2z5egD94=
github.com/aws/aws-sdk-go-v2/service/signin v1.6.0 h1:agcr0j8YeFEzdXNo17Rg9MbbjLRjrimabwNtji4e+lU=
github.com/aws/aws-sdk-go-v2/service/signin v1.6.0/go.mod h1:qU5PxgQ4JiUOOMotzfO3+5oUda5W+8JDVKyLQqlrJik=
github.com/aws/aws-sdk-go-v2/service/ssm v1.74.0 h1:11o/Z2uQatZTTWrkwN4MMPjhcVGnVQtLra5Md1tSSq0=
github.com/aws/aws-sdk-go-v2/service/ssm v1.74.0/go.mod h1:uF4ifVWSlieuvF0ZSy9m6flJJojvWuEu80pJIO3UJ0U=
github.com/aws/aws-sdk-go-v2/service/sso v1.34.0 h1:FxaN8/sn61DTXNI6Gt678tFJUY8iUsCchm6Y/F/RjaA=
github.com/aws/aws-sdk-go-v2/service/sso v1.34.0/go.mod h1:vu4OY6s8LJtT8BtYG2LD6BGSZMptkYn3o5hvCPB22jc=
github.com/aws/aws-sdk-go-v2/service/ssooidc v1.39.0 h1:crWKPeGYTBTuBxQ3p73kjfJvt4brUIsr+Fuypko8FxY=
github.com/aws/aws-sdk-go-v2/service/ssooidc v1.39.0/go.mod h1:HjjZVhaBz0JBR/kbWKThmNDhFKS7y6EURuk493tJk9Y=
github.com/aws/aws-sdk-go-v2/service/sts v1.46.0 h1:IZ63JdogSNNjex/jsODNv7jGDcO/xJYd9FsgyfCsp1g=
github.com/aws/aws-sdk-go-v2/service/sts v1.46.0/go.mod h1:I+rwAf3spG5dITBaAo3xXRowk8kiOhtU1kYxfvCTC44=
github.com/aws/smithy-go v1.28.1 h1:R/nXH00c8qcfCzQVELtRw+eLQWtzv+VAIEFJ1/xxXlQ=
github.com/aws/smithy-go v1.28.1/go.mod h1:YE2RhdIuDbA5E5bTdciG9KrW3+TiEONeUWCqxX9i1Fc=
github.com/cpuguy83/go-md2man/v2 v2.0.6/go.mod h1:oOW0eioCTA6cOiMLiUPZOpcVxMig6NIQQ7OS05n1F4g=
github.com/inconshreveable/mousetrap v1.1.0 h1:wN+x4NVGpMsO7ErUn/mUI3vEoE6Jt13X2s0bqwp9tc8=
github.com/inconshreveable/mousetrap v1.1.0/go.mod h1:vpF70FUmC8bwa3OWnCshd2FqLfsEA9PFc4w1p2J65bw=
github.com/russross/blackfriday/v2 v2.1.0/go.mod h1:+Rmxgy9KzJVeS9/2gXHxylqXiyQDYRxCVz55jmeOWTM=
github.com/spf13/cobra v1.10.2 h1:DMTTonx5m65Ic0GOoRY2c16WCbHxOOw6xxezuLaBpcU=
github.com/spf13/cobra v1.10.2/go.mod h1:7C1pvHqHw5A4vrJfjNwvOdzYu0Gml16OCs2GRiTUUS4=
github.com/spf13/pflag v1.0.9 h1:9exaQaMOCwffKiiiYk6/BndUBv+iRViNW+4lEMi0PvY=
github.com/spf13/pflag v1.0.9/go.mod h1:McXfInJRrz4CZXVZOBLb0bTZqETkiAhM9Iw0y3An2Bg=
go.yaml.in/yaml/v3 v3.0.4/go.mod h1:DhzuOOF2ATzADvBadXxruRBLzYTpT36CKvDb3+aBEFg=
golang.org/x/crypto v0.55.0 h1:+KWHjbgOaAQ66dh/YlkZKHlz9ZUlq61AFirAR9ntP8M=
golang.org/x/crypto v0.55.0/go.mod h1:uq0V9dE/fzQuJtbnL+2EhWOE63vo164FY8xqEnV9xis=
golang.org/x/sys v0.47.0 h1:o7XGOvZQCADBQQ4Y7VNq2dRWQR7JmOUW8Kxx4ZsNgWs=
golang.org/x/sys v0.47.0/go.mod h1:4GL1E5IUh+htKOUEOaiffhrAeqysfVGipDYzABqnCmw=
golang.org/x/term v0.45.0 h1:NwWyBmoJCbfTHpxrWoZ9C6/VxOf7ic219I8xZZFdrf0=
golang.org/x/term v0.45.0/go.mod h1:9aqxs0blBcrm/n0L9QW0aRVD+ktan8ssZromtqJC43w=
gopkg.in/check.v1 v0.0.0-20161208181325-20d25e280405 h1:yhCVgyC4o1eVCa2tZl7eS0r+SDo693bJlVdllGtEeKM=
gopkg.in/check.v1 v0.0.0-20161208181325-20d25e280405/go.mod h1:Co6ibVJAznAaIkqp8huTwlJQCZ016jof/cbN4VW5Yz0=
gopkg.in/yaml.v3 v3.0.1 h1:fxVm/GzAzEWqLHuvctI91KS9hhNmmWOoWu0XTYJS7CA=
gopkg.in/yaml.v3 v3.0.1/go.mod h1:K4uyk7z7BCEPqu6E+C64Yfv1cQ7kz7rIZviUmN+EgEM=
